dependencies:
- name: nats
  repository: https://charts.bitnami.com/bitnami
  version: 4.4.1
- name: redis
  repository: https://charts.bitnami.com/bitnami
  version: 10.9.0
- name: etcd
  repository: https://charts.bitnami.com/bitnami
  version: 4.8.5
digest: sha256:919f49edae8d5b87ae550db05e7264cbfe62decacc67d8fdd973e2508f98340d
generated: "2020-11-24T17:22:41.556969355Z"
