dependencies:
- name: nats
  repository: https://charts.bitnami.com/bitnami
  version: 4.4.1
- name: redis
  repository: https://charts.bitnami.com/bitnami
  version: 12.1.1
- name: etcd
  repository: https://charts.bitnami.com/bitnami
  version: 4.8.5
digest: sha256:857f5cf3b9e1dfc997477bd9e4233915c38c697b481a2fc1949757490fc53393
generated: "2020-11-19T14:46:06.672609954Z"
