dependencies:
- name: nats
  repository: https://charts.bitnami.com/bitnami
  version: 4.4.1
- name: redis
  repository: https://charts.bitnami.com/bitnami
  version: 10.7.5
- name: etcd
  repository: https://charts.bitnami.com/bitnami
  version: 5.2.1
digest: sha256:8237c794ea8de868ee2faa8416ce97ae4836c815eeec9fa4efe6a27602a008b2
generated: "2020-11-26T06:56:29.244011449Z"
